
Microsoft Visual Studio Solution File, Format Version 12.00
# Visual Studio 2015
Project("{FAE04EC0-301F-11D3-BF4B-00C04F79EFBC}") = "MPDassignment.CSharp", "MPDassignment.CSharp.csproj", "{64941FD0-B028-D30D-21E4-DB450BCB298E}"
EndProject
Project("{FAE04EC0-301F-11D3-BF4B-00C04F79EFBC}") = "MPDassignment.CSharp.Editor", "MPDassignment.CSharp.Editor.csproj", "{F1D59E34-056E-987A-164A-E86EA1AB4F4B}"
EndProject
Global
	GlobalSection(SolutionConfigurationPlatforms) = preSolution
		Debug|Any CPU = Debug|Any CPU
		Release|Any CPU = Release|Any CPU
	EndGlobalSection
	GlobalSection(ProjectConfigurationPlatforms) = postSolution
		{64941FD0-B028-D30D-21E4-DB450BCB298E}.Debug|Any CPU.ActiveCfg = Debug|Any CPU
		{64941FD0-B028-D30D-21E4-DB450BCB298E}.Debug|Any CPU.Build.0 = Debug|Any CPU
		{64941FD0-B028-D30D-21E4-DB450BCB298E}.Release|Any CPU.ActiveCfg = Release|Any CPU
		{64941FD0-B028-D30D-21E4-DB450BCB298E}.Release|Any CPU.Build.0 = Release|Any CPU
		{F1D59E34-056E-987A-164A-E86EA1AB4F4B}.Debug|Any CPU.ActiveCfg = Debug|Any CPU
		{F1D59E34-056E-987A-164A-E86EA1AB4F4B}.Debug|Any CPU.Build.0 = Debug|Any CPU
		{F1D59E34-056E-987A-164A-E86EA1AB4F4B}.Release|Any CPU.ActiveCfg = Release|Any CPU
		{F1D59E34-056E-987A-164A-E86EA1AB4F4B}.Release|Any CPU.Build.0 = Release|Any CPU
	EndGlobalSection
	GlobalSection(SolutionProperties) = preSolution
		HideSolutionNode = FALSE
	EndGlobalSection
EndGlobal
